<?xml version="1.0" encoding="UTF-8"?>
<!DOCTYPE plist PUBLIC "-//Apple//DTD PLIST 1.0//EN" "http://www.apple.com/DTDs/PropertyList-1.0.dtd">
<plist version="1.0">
<dict>
	<key>archiveVersion</key>
	<string>1</string>
	<key>classes</key>
	<dict/>
	<key>objectVersion</key>
	<string>46</string>
	<key>objects</key>
	<dict>
		<key>6183F1FF0BB146E4BB090BAB</key>
		<dict>
			<key>fileRef</key>
			<string>B863F0869F144B61AF1CE1E4</string>
			<key>isa</key>
			<string>PBXBuildFile</string>
		</dict>
		<key>844C8F96B1B445B0861A0994</key>
		<dict>
			<key>buildActionMask</key>
			<string>2147483647</string>
			<key>files</key>
			<array/>
			<key>inputPaths</key>
			<array/>
			<key>isa</key>
			<string>PBXShellScriptBuildPhase</string>
			<key>name</key>
			<string>Copy Pods Resources</string>
			<key>outputPaths</key>
			<array/>
			<key>runOnlyForDeploymentPostprocessing</key>
			<string>0</string>
			<key>shellPath</key>
			<string>/bin/sh</string>
			<key>shellScript</key>
			<string>"${SRCROOT}/Pods/Pods-resources.sh"
</string>
			<key>showEnvVarsInLog</key>
			<string>0</string>
		</dict>
		<key>B863F0869F144B61AF1CE1E4</key>
		<dict>
			<key>explicitFileType</key>
			<string>archive.ar</string>
			<key>includeInIndex</key>
			<string>0</string>
			<key>isa</key>
			<string>PBXFileReference</string>
			<key>path</key>
			<string>libPods.a</string>
			<key>sourceTree</key>
			<string>BUILT_PRODUCTS_DIR</string>
		</dict>
		<key>D293D404EDC04A1A8ABA64D1</key>
		<dict>
			<key>includeInIndex</key>
			<string>1</string>
			<key>isa</key>
			<string>PBXFileReference</string>
			<key>lastKnownFileType</key>
			<string>text.xcconfig</string>
			<key>name</key>
			<string>Pods.xcconfig</string>
			<key>path</key>
			<string>Pods/Pods.xcconfig</string>
			<key>sourceTree</key>
			<string>&lt;group&gt;</string>
		</dict>
		<key>DF0877E58DDB41AFABC38FF1</key>
		<dict>
			<key>buildActionMask</key>
			<string>2147483647</string>
			<key>files</key>
			<array/>
			<key>inputPaths</key>
			<array/>
			<key>isa</key>
			<string>PBXShellScriptBuildPhase</string>
			<key>name</key>
			<string>Check Pods Manifest.lock</string>
			<key>outputPaths</key>
			<array/>
			<key>runOnlyForDeploymentPostprocessing</key>
			<string>0</string>
			<key>shellPath</key>
			<string>/bin/sh</string>
			<key>shellScript</key>
			<string>diff "${PODS_ROOT}/../Podfile.lock" "${PODS_ROOT}/Manifest.lock" &gt; /dev/null
if [[ $? != 0 ]] ; then
    cat &lt;&lt; EOM
error: The sandbox is not in sync with the Podfile.lock. Run 'pod install' or update your CocoaPods installation.
EOM
    exit 1
fi
</string>
			<key>showEnvVarsInLog</key>
			<string>0</string>
		</dict>
		<key>EAAD05C018B9B39D00D9E4BA</key>
		<dict>
			<key>children</key>
			<array>
				<string>EAAD05D218B9B39D00D9E4BA</string>
				<string>EAAD05F018B9B39D00D9E4BA</string>
				<string>EAAD05CB18B9B39D00D9E4BA</string>
				<string>EAAD05CA18B9B39D00D9E4BA</string>
				<string>D293D404EDC04A1A8ABA64D1</string>
			</array>
			<key>isa</key>
			<string>PBXGroup</string>
			<key>sourceTree</key>
			<string>&lt;group&gt;</string>
		</dict>
		<key>EAAD05C118B9B39D00D9E4BA</key>
		<dict>
			<key>attributes</key>
			<dict>
				<key>LastUpgradeCheck</key>
				<string>0510</string>
				<key>ORGANIZATIONNAME</key>
				<string>banjun</string>
				<key>TargetAttributes</key>
				<dict>
					<key>EAAD05E918B9B39D00D9E4BA</key>
					<dict>
						<key>TestTargetID</key>
						<string>EAAD05C818B9B39D00D9E4BA</string>
					</dict>
				</dict>
			</dict>
			<key>buildConfigurationList</key>
			<string>EAAD05C418B9B39D00D9E4BA</string>
			<key>compatibilityVersion</key>
			<string>Xcode 3.2</string>
			<key>developmentRegion</key>
			<string>English</string>
			<key>hasScannedForEncodings</key>
			<string>0</string>
			<key>isa</key>
			<string>PBXProject</string>
			<key>knownRegions</key>
			<array>
				<string>en</string>
				<string>Base</string>
			</array>
			<key>mainGroup</key>
			<string>EAAD05C018B9B39D00D9E4BA</string>
			<key>productRefGroup</key>
			<string>EAAD05CA18B9B39D00D9E4BA</string>
			<key>projectDirPath</key>
			<string></string>
			<key>projectReferences</key>
			<array/>
			<key>projectRoot</key>
			<string></string>
			<key>targets</key>
			<array>
				<string>EAAD05C818B9B39D00D9E4BA</string>
				<string>EAAD05E918B9B39D00D9E4BA</string>
			</array>
		</dict>
		<key>EAAD05C418B9B39D00D9E4BA</key>
		<dict>
			<key>buildConfigurations</key>
			<array>
				<string>EAAD05F818B9B39E00D9E4BA</string>
				<string>EAAD05F918B9B39E00D9E4BA</string>
			</array>
			<key>defaultConfigurationIsVisible</key>
			<string>0</string>
			<key>defaultConfigurationName</key>
			<string>Release</string>
			<key>isa</key>
			<string>XCConfigurationList</string>
		</dict>
		<key>EAAD05C518B9B39D00D9E4BA</key>
		<dict>
			<key>buildActionMask</key>
			<string>2147483647</string>
			<key>files</key>
			<array>
				<string>EAAD05E018B9B39D00D9E4BA</string>
				<string>EAAD05D918B9B39D00D9E4BA</string>
			</array>
			<key>isa</key>
			<string>PBXSourcesBuildPhase</string>
			<key>runOnlyForDeploymentPostprocessing</key>
			<string>0</string>
		</dict>
		<key>EAAD05C618B9B39D00D9E4BA</key>
		<dict>
			<key>buildActionMask</key>
			<string>2147483647</string>
			<key>files</key>
			<array>
				<string>EAAD05CD18B9B39D00D9E4BA</string>
				<string>6183F1FF0BB146E4BB090BAB</string>
			</array>
			<key>isa</key>
			<string>PBXFrameworksBuildPhase</string>
			<key>runOnlyForDeploymentPostprocessing</key>
			<string>0</string>
		</dict>
		<key>EAAD05C718B9B39D00D9E4BA</key>
		<dict>
			<key>buildActionMask</key>
			<string>2147483647</string>
			<key>files</key>
			<array>
				<string>EAAD05D718B9B39D00D9E4BA</string>
				<string>EAAD05E518B9B39D00D9E4BA</string>
				<string>EAAD05DD18B9B39D00D9E4BA</string>
				<string>EAAD05E318B9B39D00D9E4BA</string>
			</array>
			<key>isa</key>
			<string>PBXResourcesBuildPhase</string>
			<key>runOnlyForDeploymentPostprocessing</key>
			<string>0</string>
		</dict>
		<key>EAAD05C818B9B39D00D9E4BA</key>
		<dict>
			<key>buildConfigurationList</key>
			<string>EAAD05FA18B9B39E00D9E4BA</string>
			<key>buildPhases</key>
			<array>
				<string>DF0877E58DDB41AFABC38FF1</string>
				<string>EAAD05C518B9B39D00D9E4BA</string>
				<string>EAAD05C618B9B39D00D9E4BA</string>
				<string>EAAD05C718B9B39D00D9E4BA</string>
				<string>844C8F96B1B445B0861A0994</string>
			</array>
			<key>buildRules</key>
			<array/>
			<key>dependencies</key>
			<array/>
			<key>isa</key>
			<string>PBXNativeTarget</string>
			<key>name</key>
			<string>librtmpExample</string>
			<key>productName</key>
			<string>librtmpExample</string>
			<key>productReference</key>
			<string>EAAD05C918B9B39D00D9E4BA</string>
			<key>productType</key>
			<string>com.apple.product-type.application</string>
		</dict>
		<key>EAAD05C918B9B39D00D9E4BA</key>
		<dict>
			<key>explicitFileType</key>
			<string>wrapper.application</string>
			<key>includeInIndex</key>
			<string>0</string>
			<key>isa</key>
			<string>PBXFileReference</string>
			<key>path</key>
			<string>librtmpExample.app</string>
			<key>sourceTree</key>
			<string>BUILT_PRODUCTS_DIR</string>
		</dict>
		<key>EAAD05CA18B9B39D00D9E4BA</key>
		<dict>
			<key>children</key>
			<array>
				<string>EAAD05C918B9B39D00D9E4BA</string>
				<string>EAAD05EA18B9B39D00D9E4BA</string>
			</array>
			<key>isa</key>
			<string>PBXGroup</string>
			<key>name</key>
			<string>Products</string>
			<key>sourceTree</key>
			<string>&lt;group&gt;</string>
		</dict>
		<key>EAAD05CB18B9B39D00D9E4BA</key>
		<dict>
			<key>children</key>
			<array>
				<string>EAAD05CC18B9B39D00D9E4BA</string>
				<string>EAAD05EB18B9B39D00D9E4BA</string>
				<string>EAAD05CE18B9B39D00D9E4BA</string>
				<string>B863F0869F144B61AF1CE1E4</string>
			</array>
			<key>isa</key>
			<string>PBXGroup</string>
			<key>name</key>
			<string>Frameworks</string>
			<key>sourceTree</key>
			<string>&lt;group&gt;</string>
		</dict>
		<key>EAAD05CC18B9B39D00D9E4BA</key>
		<dict>
			<key>isa</key>
			<string>PBXFileReference</string>
			<key>lastKnownFileType</key>
			<string>wrapper.framework</string>
			<key>name</key>
			<string>Cocoa.framework</string>
			<key>path</key>
			<string>System/Library/Frameworks/Cocoa.framework</string>
			<key>sourceTree</key>
			<string>SDKROOT</string>
		</dict>
		<key>EAAD05CD18B9B39D00D9E4BA</key>
		<dict>
			<key>fileRef</key>
			<string>EAAD05CC18B9B39D00D9E4BA</string>
			<key>isa</key>
			<string>PBXBuildFile</string>
		</dict>
		<key>EAAD05CE18B9B39D00D9E4BA</key>
		<dict>
			<key>children</key>
			<array>
				<string>EAAD05CF18B9B39D00D9E4BA</string>
				<string>EAAD05D018B9B39D00D9E4BA</string>
				<string>EAAD05D118B9B39D00D9E4BA</string>
			</array>
			<key>isa</key>
			<string>PBXGroup</string>
			<key>name</key>
			<string>Other Frameworks</string>
			<key>sourceTree</key>
			<string>&lt;group&gt;</string>
		</dict>
		<key>EAAD05CF18B9B39D00D9E4BA</key>
		<dict>
			<key>isa</key>
			<string>PBXFileReference</string>
			<key>lastKnownFileType</key>
			<string>wrapper.framework</string>
			<key>name</key>
			<string>AppKit.framework</string>
			<key>path</key>
			<string>System/Library/Frameworks/AppKit.framework</string>
			<key>sourceTree</key>
			<string>SDKROOT</string>
		</dict>
		<key>EAAD05D018B9B39D00D9E4BA</key>
		<dict>
			<key>isa</key>
			<string>PBXFileReference</string>
			<key>lastKnownFileType</key>
			<string>wrapper.framework</string>
			<key>name</key>
			<string>CoreData.framework</string>
			<key>path</key>
			<string>System/Library/Frameworks/CoreData.framework</string>
			<key>sourceTree</key>
			<string>SDKROOT</string>
		</dict>
		<key>EAAD05D118B9B39D00D9E4BA</key>
		<dict>
			<key>isa</key>
			<string>PBXFileReference</string>
			<key>lastKnownFileType</key>
			<string>wrapper.framework</string>
			<key>name</key>
			<string>Foundation.framework</string>
			<key>path</key>
			<string>System/Library/Frameworks/Foundation.framework</string>
			<key>sourceTree</key>
			<string>SDKROOT</string>
		</dict>
		<key>EAAD05D218B9B39D00D9E4BA</key>
		<dict>
			<key>children</key>
			<array>
				<string>EAAD05DE18B9B39D00D9E4BA</string>
				<string>EAAD05DF18B9B39D00D9E4BA</string>
				<string>EAAD05E118B9B39D00D9E4BA</string>
				<string>EAAD05E418B9B39D00D9E4BA</string>
				<string>EAAD05D318B9B39D00D9E4BA</string>
			</array>
			<key>isa</key>
			<string>PBXGroup</string>
			<key>path</key>
			<string>librtmpExample</string>
			<key>sourceTree</key>
			<string>&lt;group&gt;</string>
		</dict>
		<key>EAAD05D318B9B39D00D9E4BA</key>
		<dict>
			<key>children</key>
			<array>
				<string>EAAD05D418B9B39D00D9E4BA</string>
				<string>EAAD05D518B9B39D00D9E4BA</string>
				<string>EAAD05D818B9B39D00D9E4BA</string>
				<string>EAAD05DA18B9B39D00D9E4BA</string>
				<string>EAAD05DB18B9B39D00D9E4BA</string>
			</array>
			<key>isa</key>
			<string>PBXGroup</string>
			<key>name</key>
			<string>Supporting Files</string>
			<key>sourceTree</key>
			<string>&lt;group&gt;</string>
		</dict>
		<key>EAAD05D418B9B39D00D9E4BA</key>
		<dict>
			<key>isa</key>
			<string>PBXFileReference</string>
			<key>lastKnownFileType</key>
			<string>text.plist.xml</string>
			<key>path</key>
			<string>librtmpExample-Info.plist</string>
			<key>sourceTree</key>
			<string>&lt;group&gt;</string>
		</dict>
		<key>EAAD05D518B9B39D00D9E4BA</key>
		<dict>
			<key>children</key>
			<array>
				<string>EAAD05D618B9B39D00D9E4BA</string>
			</array>
			<key>isa</key>
			<string>PBXVariantGroup</string>
			<key>name</key>
			<string>InfoPlist.strings</string>
			<key>sourceTree</key>
			<string>&lt;group&gt;</string>
		</dict>
		<key>EAAD05D618B9B39D00D9E4BA</key>
		<dict>
			<key>isa</key>
			<string>PBXFileReference</string>
			<key>lastKnownFileType</key>
			<string>text.plist.strings</string>
			<key>name</key>
			<string>en</string>
			<key>path</key>
			<string>en.lproj/InfoPlist.strings</string>
			<key>sourceTree</key>
			<string>&lt;group&gt;</string>
		</dict>
		<key>EAAD05D718B9B39D00D9E4BA</key>
		<dict>
			<key>fileRef</key>
			<string>EAAD05D518B9B39D00D9E4BA</string>
			<key>isa</key>
			<string>PBXBuildFile</string>
		</dict>
		<key>EAAD05D818B9B39D00D9E4BA</key>
		<dict>
			<key>isa</key>
			<string>PBXFileReference</string>
			<key>lastKnownFileType</key>
			<string>sourcecode.c.objc</string>
			<key>path</key>
			<string>main.m</string>
			<key>sourceTree</key>
			<string>&lt;group&gt;</string>
		</dict>
		<key>EAAD05D918B9B39D00D9E4BA</key>
		<dict>
			<key>fileRef</key>
			<string>EAAD05D818B9B39D00D9E4BA</string>
			<key>isa</key>
			<string>PBXBuildFile</string>
		</dict>
		<key>EAAD05DA18B9B39D00D9E4BA</key>
		<dict>
			<key>isa</key>
			<string>PBXFileReference</string>
			<key>lastKnownFileType</key>
			<string>sourcecode.c.h</string>
			<key>path</key>
			<string>librtmpExample-Prefix.pch</string>
			<key>sourceTree</key>
			<string>&lt;group&gt;</string>
		</dict>
		<key>EAAD05DB18B9B39D00D9E4BA</key>
		<dict>
			<key>children</key>
			<array>
				<string>EAAD05DC18B9B39D00D9E4BA</string>
			</array>
			<key>isa</key>
			<string>PBXVariantGroup</string>
			<key>name</key>
			<string>Credits.rtf</string>
			<key>sourceTree</key>
			<string>&lt;group&gt;</string>
		</dict>
		<key>EAAD05DC18B9B39D00D9E4BA</key>
		<dict>
			<key>isa</key>
			<string>PBXFileReference</string>
			<key>lastKnownFileType</key>
			<string>text.rtf</string>
			<key>name</key>
			<string>en</string>
			<key>path</key>
			<string>en.lproj/Credits.rtf</string>
			<key>sourceTree</key>
			<string>&lt;group&gt;</string>
		</dict>
		<key>EAAD05DD18B9B39D00D9E4BA</key>
		<dict>
			<key>fileRef</key>
			<string>EAAD05DB18B9B39D00D9E4BA</string>
			<key>isa</key>
			<string>PBXBuildFile</string>
		</dict>
		<key>EAAD05DE18B9B39D00D9E4BA</key>
		<dict>
			<key>isa</key>
			<string>PBXFileReference</string>
			<key>lastKnownFileType</key>
			<string>sourcecode.c.h</string>
			<key>path</key>
			<string>AppDelegate.h</string>
			<key>sourceTree</key>
			<string>&lt;group&gt;</string>
		</dict>
		<key>EAAD05DF18B9B39D00D9E4BA</key>
		<dict>
			<key>isa</key>
			<string>PBXFileReference</string>
			<key>lastKnownFileType</key>
			<string>sourcecode.c.objc</string>
			<key>path</key>
			<string>AppDelegate.m</string>
			<key>sourceTree</key>
			<string>&lt;group&gt;</string>
		</dict>
		<key>EAAD05E018B9B39D00D9E4BA</key>
		<dict>
			<key>fileRef</key>
			<string>EAAD05DF18B9B39D00D9E4BA</string>
			<key>isa</key>
			<string>PBXBuildFile</string>
		</dict>
		<key>EAAD05E118B9B39D00D9E4BA</key>
		<dict>
			<key>children</key>
			<array>
				<string>EAAD05E218B9B39D00D9E4BA</string>
			</array>
			<key>isa</key>
			<string>PBXVariantGroup</string>
			<key>name</key>
			<string>MainMenu.xib</string>
			<key>sourceTree</key>
			<string>&lt;group&gt;</string>
		</dict>
		<key>EAAD05E218B9B39D00D9E4BA</key>
		<dict>
			<key>isa</key>
			<string>PBXFileReference</string>
			<key>lastKnownFileType</key>
			<string>file.xib</string>
			<key>name</key>
			<string>Base</string>
			<key>path</key>
			<string>Base.lproj/MainMenu.xib</string>
			<key>sourceTree</key>
			<string>&lt;group&gt;</string>
		</dict>
		<key>EAAD05E318B9B39D00D9E4BA</key>
		<dict>
			<key>fileRef</key>
			<string>EAAD05E118B9B39D00D9E4BA</string>
			<key>isa</key>
			<string>PBXBuildFile</string>
		</dict>
		<key>EAAD05E418B9B39D00D9E4BA</key>
		<dict>
			<key>isa</key>
			<string>PBXFileReference</string>
			<key>lastKnownFileType</key>
			<string>folder.assetcatalog</string>
			<key>path</key>
			<string>Images.xcassets</string>
			<key>sourceTree</key>
			<string>&lt;group&gt;</string>
		</dict>
		<key>EAAD05E518B9B39D00D9E4BA</key>
		<dict>
			<key>fileRef</key>
			<string>EAAD05E418B9B39D00D9E4BA</string>
			<key>isa</key>
			<string>PBXBuildFile</string>
		</dict>
		<key>EAAD05E618B9B39D00D9E4BA</key>
		<dict>
			<key>buildActionMask</key>
			<string>2147483647</string>
			<key>files</key>
			<array>
				<string>EAAD05F718B9B39D00D9E4BA</string>
			</array>
			<key>isa</key>
			<string>PBXSourcesBuildPhase</string>
			<key>runOnlyForDeploymentPostprocessing</key>
			<string>0</string>
		</dict>
		<key>EAAD05E718B9B39D00D9E4BA</key>
		<dict>
			<key>buildActionMask</key>
			<string>2147483647</string>
			<key>files</key>
			<array>
				<string>EAAD05ED18B9B39D00D9E4BA</string>
				<string>EAAD05EC18B9B39D00D9E4BA</string>
			</array>
			<key>isa</key>
			<string>PBXFrameworksBuildPhase</string>
			<key>runOnlyForDeploymentPostprocessing</key>
			<string>0</string>
		</dict>
		<key>EAAD05E818B9B39D00D9E4BA</key>
		<dict>
			<key>buildActionMask</key>
			<string>2147483647</string>
			<key>files</key>
			<array>
				<string>EAAD05F518B9B39D00D9E4BA</string>
			</array>
			<key>isa</key>
			<string>PBXResourcesBuildPhase</string>
			<key>runOnlyForDeploymentPostprocessing</key>
			<string>0</string>
		</dict>
		<key>EAAD05E918B9B39D00D9E4BA</key>
		<dict>
			<key>buildConfigurationList</key>
			<string>EAAD05FD18B9B39E00D9E4BA</string>
			<key>buildPhases</key>
			<array>
				<string>EAAD05E618B9B39D00D9E4BA</string>
				<string>EAAD05E718B9B39D00D9E4BA</string>
				<string>EAAD05E818B9B39D00D9E4BA</string>
			</array>
			<key>buildRules</key>
			<array/>
			<key>dependencies</key>
			<array>
				<string>EAAD05EF18B9B39D00D9E4BA</string>
			</array>
			<key>isa</key>
			<string>PBXNativeTarget</string>
			<key>name</key>
			<string>librtmpExampleTests</string>
			<key>productName</key>
			<string>librtmpExampleTests</string>
			<key>productReference</key>
			<string>EAAD05EA18B9B39D00D9E4BA</string>
			<key>productType</key>
			<string>com.apple.product-type.bundle.unit-test</string>
		</dict>
		<key>EAAD05EA18B9B39D00D9E4BA</key>
		<dict>
			<key>explicitFileType</key>
			<string>wrapper.cfbundle</string>
			<key>includeInIndex</key>
			<string>0</string>
			<key>isa</key>
			<string>PBXFileReference</string>
			<key>path</key>
			<string>librtmpExampleTests.xctest</string>
			<key>sourceTree</key>
			<string>BUILT_PRODUCTS_DIR</string>
		</dict>
		<key>EAAD05EB18B9B39D00D9E4BA</key>
		<dict>
			<key>isa</key>
			<string>PBXFileReference</string>
			<key>lastKnownFileType</key>
			<string>wrapper.framework</string>
			<key>name</key>
			<string>XCTest.framework</string>
			<key>path</key>
			<string>Library/Frameworks/XCTest.framework</string>
			<key>sourceTree</key>
			<string>DEVELOPER_DIR</string>
		</dict>
		<key>EAAD05EC18B9B39D00D9E4BA</key>
		<dict>
			<key>fileRef</key>
			<string>EAAD05EB18B9B39D00D9E4BA</string>
			<key>isa</key>
			<string>PBXBuildFile</string>
		</dict>
		<key>EAAD05ED18B9B39D00D9E4BA</key>
		<dict>
			<key>fileRef</key>
			<string>EAAD05CC18B9B39D00D9E4BA</string>
			<key>isa</key>
			<string>PBXBuildFile</string>
		</dict>
		<key>EAAD05EE18B9B39D00D9E4BA</key>
		<dict>
			<key>containerPortal</key>
			<string>EAAD05C118B9B39D00D9E4BA</string>
			<key>isa</key>
			<string>PBXContainerItemProxy</string>
			<key>proxyType</key>
			<string>1</string>
			<key>remoteGlobalIDString</key>
			<string>EAAD05C818B9B39D00D9E4BA</string>
			<key>remoteInfo</key>
			<string>librtmpExample</string>
		</dict>
		<key>EAAD05EF18B9B39D00D9E4BA</key>
		<dict>
			<key>isa</key>
			<string>PBXTargetDependency</string>
			<key>target</key>
			<string>EAAD05C818B9B39D00D9E4BA</string>
			<key>targetProxy</key>
			<string>EAAD05EE18B9B39D00D9E4BA</string>
		</dict>
		<key>EAAD05F018B9B39D00D9E4BA</key>
		<dict>
			<key>children</key>
			<array>
				<string>EAAD05F618B9B39D00D9E4BA</string>
				<string>EAAD05F118B9B39D00D9E4BA</string>
			</array>
			<key>isa</key>
			<string>PBXGroup</string>
			<key>path</key>
			<string>librtmpExampleTests</string>
			<key>sourceTree</key>
			<string>&lt;group&gt;</string>
		</dict>
		<key>EAAD05F118B9B39D00D9E4BA</key>
		<dict>
			<key>children</key>
			<array>
				<string>EAAD05F218B9B39D00D9E4BA</string>
				<string>EAAD05F318B9B39D00D9E4BA</string>
			</array>
			<key>isa</key>
			<string>PBXGroup</string>
			<key>name</key>
			<string>Supporting Files</string>
			<key>sourceTree</key>
			<string>&lt;group&gt;</string>
		</dict>
		<key>EAAD05F218B9B39D00D9E4BA</key>
		<dict>
			<key>isa</key>
			<string>PBXFileReference</string>
			<key>lastKnownFileType</key>
			<string>text.plist.xml</string>
			<key>path</key>
			<string>librtmpExampleTests-Info.plist</string>
			<key>sourceTree</key>
			<string>&lt;group&gt;</string>
		</dict>
		<key>EAAD05F318B9B39D00D9E4BA</key>
		<dict>
			<key>children</key>
			<array>
				<string>EAAD05F418B9B39D00D9E4BA</string>
			</array>
			<key>isa</key>
			<string>PBXVariantGroup</string>
			<key>name</key>
			<string>InfoPlist.strings</string>
			<key>sourceTree</key>
			<string>&lt;group&gt;</string>
		</dict>
		<key>EAAD05F418B9B39D00D9E4BA</key>
		<dict>
			<key>isa</key>
			<string>PBXFileReference</string>
			<key>lastKnownFileType</key>
			<string>text.plist.strings</string>
			<key>name</key>
			<string>en</string>
			<key>path</key>
			<string>en.lproj/InfoPlist.strings</string>
			<key>sourceTree</key>
			<string>&lt;group&gt;</string>
		</dict>
		<key>EAAD05F518B9B39D00D9E4BA</key>
		<dict>
			<key>fileRef</key>
			<string>EAAD05F318B9B39D00D9E4BA</string>
			<key>isa</key>
			<string>PBXBuildFile</string>
		</dict>
		<key>EAAD05F618B9B39D00D9E4BA</key>
		<dict>
			<key>isa</key>
			<string>PBXFileReference</string>
			<key>lastKnownFileType</key>
			<string>sourcecode.c.objc</string>
			<key>path</key>
			<string>librtmpExampleTests.m</string>
			<key>sourceTree</key>
			<string>&lt;group&gt;</string>
		</dict>
		<key>EAAD05F718B9B39D00D9E4BA</key>
		<dict>
			<key>fileRef</key>
			<string>EAAD05F618B9B39D00D9E4BA</string>
			<key>isa</key>
			<string>PBXBuildFile</string>
		</dict>
		<key>EAAD05F818B9B39E00D9E4BA</key>
		<dict>
			<key>buildSettings</key>
			<dict>
				<key>ALWAYS_SEARCH_USER_PATHS</key>
				<string>NO</string>
				<key>CLANG_CXX_LANGUAGE_STANDARD</key>
				<string>gnu++0x</string>
				<key>CLANG_CXX_LIBRARY</key>
				<string>libc++</string>
				<key>CLANG_ENABLE_OBJC_ARC</key>
				<string>YES</string>
				<key>CLANG_WARN_BOOL_CONVERSION</key>
				<string>YES</string>
				<key>CLANG_WARN_CONSTANT_CONVERSION</key>
				<string>YES</string>
				<key>CLANG_WARN_DIRECT_OBJC_ISA_USAGE</key>
				<string>YES_ERROR</string>
				<key>CLANG_WARN_EMPTY_BODY</key>
				<string>YES</string>
				<key>CLANG_WARN_ENUM_CONVERSION</key>
				<string>YES</string>
				<key>CLANG_WARN_INT_CONVERSION</key>
				<string>YES</string>
				<key>CLANG_WARN_OBJC_ROOT_CLASS</key>
				<string>YES_ERROR</string>
				<key>CLANG_WARN__DUPLICATE_METHOD_MATCH</key>
				<string>YES</string>
				<key>COPY_PHASE_STRIP</key>
				<string>NO</string>
				<key>GCC_C_LANGUAGE_STANDARD</key>
				<string>gnu99</string>
				<key>GCC_DYNAMIC_NO_PIC</key>
				<string>NO</string>
				<key>GCC_ENABLE_OBJC_EXCEPTIONS</key>
				<string>YES</string>
				<key>GCC_OPTIMIZATION_LEVEL</key>
				<string>0</string>
				<key>GCC_PREPROCESSOR_DEFINITIONS</key>
				<array>
					<string>DEBUG=1</string>
					<string>$(inherited)</string>
				</array>
				<key>GCC_SYMBOLS_PRIVATE_EXTERN</key>
				<string>NO</string>
				<key>GCC_WARN_64_TO_32_BIT_CONVERSION</key>
				<string>YES</string>
				<key>GCC_WARN_ABOUT_RETURN_TYPE</key>
				<string>YES_ERROR</string>
				<key>GCC_WARN_UNDECLARED_SELECTOR</key>
				<string>YES</string>
				<key>GCC_WARN_UNINITIALIZED_AUTOS</key>
				<string>YES_AGGRESSIVE</string>
				<key>GCC_WARN_UNUSED_FUNCTION</key>
				<string>YES</string>
				<key>GCC_WARN_UNUSED_VARIABLE</key>
				<string>YES</string>
				<key>MACOSX_DEPLOYMENT_TARGET</key>
				<string>10.9</string>
				<key>ONLY_ACTIVE_ARCH</key>
				<string>YES</string>
				<key>SDKROOT</key>
				<string>macosx</string>
			</dict>
			<key>isa</key>
			<string>XCBuildConfiguration</string>
			<key>name</key>
			<string>Debug</string>
		</dict>
		<key>EAAD05F918B9B39E00D9E4BA</key>
		<dict>
			<key>buildSettings</key>
			<dict>
				<key>ALWAYS_SEARCH_USER_PATHS</key>
				<string>NO</string>
				<key>CLANG_CXX_LANGUAGE_STANDARD</key>
				<string>gnu++0x</string>
				<key>CLANG_CXX_LIBRARY</key>
				<string>libc++</string>
				<key>CLANG_ENABLE_OBJC_ARC</key>
				<string>YES</string>
				<key>CLANG_WARN_BOOL_CONVERSION</key>
				<string>YES</string>
				<key>CLANG_WARN_CONSTANT_CONVERSION</key>
				<string>YES</string>
				<key>CLANG_WARN_DIRECT_OBJC_ISA_USAGE</key>
				<string>YES_ERROR</string>
				<key>CLANG_WARN_EMPTY_BODY</key>
				<string>YES</string>
				<key>CLANG_WARN_ENUM_CONVERSION</key>
				<string>YES</string>
				<key>CLANG_WARN_INT_CONVERSION</key>
				<string>YES</string>
				<key>CLANG_WARN_OBJC_ROOT_CLASS</key>
				<string>YES_ERROR</string>
				<key>CLANG_WARN__DUPLICATE_METHOD_MATCH</key>
				<string>YES</string>
				<key>COPY_PHASE_STRIP</key>
				<string>YES</string>
				<key>DEBUG_INFORMATION_FORMAT</key>
				<string>dwarf-with-dsym</string>
				<key>ENABLE_NS_ASSERTIONS</key>
				<string>NO</string>
				<key>GCC_C_LANGUAGE_STANDARD</key>
				<string>gnu99</string>
				<key>GCC_ENABLE_OBJC_EXCEPTIONS</key>
				<string>YES</string>
				<key>GCC_WARN_64_TO_32_BIT_CONVERSION</key>
				<string>YES</string>
				<key>GCC_WARN_ABOUT_RETURN_TYPE</key>
				<string>YES_ERROR</string>
				<key>GCC_WARN_UNDECLARED_SELECTOR</key>
				<string>YES</string>
				<key>GCC_WARN_UNINITIALIZED_AUTOS</key>
				<string>YES_AGGRESSIVE</string>
				<key>GCC_WARN_UNUSED_FUNCTION</key>
				<string>YES</string>
				<key>GCC_WARN_UNUSED_VARIABLE</key>
				<string>YES</string>
				<key>MACOSX_DEPLOYMENT_TARGET</key>
				<string>10.9</string>
				<key>SDKROOT</key>
				<string>macosx</string>
			</dict>
			<key>isa</key>
			<string>XCBuildConfiguration</string>
			<key>name</key>
			<string>Release</string>
		</dict>
		<key>EAAD05FA18B9B39E00D9E4BA</key>
		<dict>
			<key>buildConfigurations</key>
			<array>
				<string>EAAD05FB18B9B39E00D9E4BA</string>
				<string>EAAD05FC18B9B39E00D9E4BA</string>
			</array>
			<key>defaultConfigurationIsVisible</key>
			<string>0</string>
			<key>isa</key>
			<string>XCConfigurationList</string>
		</dict>
		<key>EAAD05FB18B9B39E00D9E4BA</key>
		<dict>
			<key>baseConfigurationReference</key>
			<string>D293D404EDC04A1A8ABA64D1</string>
			<key>buildSettings</key>
			<dict>
				<key>ASSETCATALOG_COMPILER_APPICON_NAME</key>
				<string>AppIcon</string>
				<key>COMBINE_HIDPI_IMAGES</key>
				<string>YES</string>
				<key>GCC_PRECOMPILE_PREFIX_HEADER</key>
				<string>YES</string>
				<key>GCC_PREFIX_HEADER</key>
				<string>librtmpExample/librtmpExample-Prefix.pch</string>
				<key>INFOPLIST_FILE</key>
				<string>librtmpExample/librtmpExample-Info.plist</string>
				<key>PRODUCT_NAME</key>
				<string>$(TARGET_NAME)</string>
				<key>WRAPPER_EXTENSION</key>
				<string>app</string>
			</dict>
			<key>isa</key>
			<string>XCBuildConfiguration</string>
			<key>name</key>
			<string>Debug</string>
		</dict>
		<key>EAAD05FC18B9B39E00D9E4BA</key>
		<dict>
			<key>baseConfigurationReference</key>
			<string>D293D404EDC04A1A8ABA64D1</string>
			<key>buildSettings</key>
			<dict>
				<key>ASSETCATALOG_COMPILER_APPICON_NAME</key>
				<string>AppIcon</string>
				<key>COMBINE_HIDPI_IMAGES</key>
				<string>YES</string>
				<key>GCC_PRECOMPILE_PREFIX_HEADER</key>
				<string>YES</string>
				<key>GCC_PREFIX_HEADER</key>
				<string>librtmpExample/librtmpExample-Prefix.pch</string>
				<key>INFOPLIST_FILE</key>
				<string>librtmpExample/librtmpExample-Info.plist</string>
				<key>PRODUCT_NAME</key>
				<string>$(TARGET_NAME)</string>
				<key>WRAPPER_EXTENSION</key>
				<string>app</string>
			</dict>
			<key>isa</key>
			<string>XCBuildConfiguration</string>
			<key>name</key>
			<string>Release</string>
		</dict>
		<key>EAAD05FD18B9B39E00D9E4BA</key>
		<dict>
			<key>buildConfigurations</key>
			<array>
				<string>EAAD05FE18B9B39E00D9E4BA</string>
				<string>EAAD05FF18B9B39E00D9E4BA</string>
			</array>
			<key>defaultConfigurationIsVisible</key>
			<string>0</string>
			<key>isa</key>
			<string>XCConfigurationList</string>
		</dict>
		<key>EAAD05FE18B9B39E00D9E4BA</key>
		<dict>
			<key>buildSettings</key>
			<dict>
				<key>BUNDLE_LOADER</key>
				<string>$(BUILT_PRODUCTS_DIR)/librtmpExample.app/Contents/MacOS/librtmpExample</string>
				<key>COMBINE_HIDPI_IMAGES</key>
				<string>YES</string>
				<key>FRAMEWORK_SEARCH_PATHS</key>
				<array>
					<string>$(DEVELOPER_FRAMEWORKS_DIR)</string>
					<string>$(inherited)</string>
				</array>
				<key>GCC_PRECOMPILE_PREFIX_HEADER</key>
				<string>YES</string>
				<key>GCC_PREFIX_HEADER</key>
				<string>librtmpExample/librtmpExample-Prefix.pch</string>
				<key>GCC_PREPROCESSOR_DEFINITIONS</key>
				<array>
					<string>DEBUG=1</string>
					<string>$(inherited)</string>
				</array>
				<key>INFOPLIST_FILE</key>
				<string>librtmpExampleTests/librtmpExampleTests-Info.plist</string>
				<key>PRODUCT_NAME</key>
				<string>$(TARGET_NAME)</string>
				<key>TEST_HOST</key>
				<string>$(BUNDLE_LOADER)</string>
				<key>WRAPPER_EXTENSION</key>
				<string>xctest</string>
			</dict>
			<key>isa</key>
			<string>XCBuildConfiguration</string>
			<key>name</key>
			<string>Debug</string>
		</dict>
		<key>EAAD05FF18B9B39E00D9E4BA</key>
		<dict>
			<key>buildSettings</key>
			<dict>
				<key>BUNDLE_LOADER</key>
				<string>$(BUILT_PRODUCTS_DIR)/librtmpExample.app/Contents/MacOS/librtmpExample</string>
				<key>COMBINE_HIDPI_IMAGES</key>
				<string>YES</string>
				<key>FRAMEWORK_SEARCH_PATHS</key>
				<array>
					<string>$(DEVELOPER_FRAMEWORKS_DIR)</string>
					<string>$(inherited)</string>
				</array>
				<key>GCC_PRECOMPILE_PREFIX_HEADER</key>
				<string>YES</string>
				<key>GCC_PREFIX_HEADER</key>
				<string>librtmpExample/librtmpExample-Prefix.pch</string>
				<key>INFOPLIST_FILE</key>
				<string>librtmpExampleTests/librtmpExampleTests-Info.plist</string>
				<key>PRODUCT_NAME</key>
				<string>$(TARGET_NAME)</string>
				<key>TEST_HOST</key>
				<string>$(BUNDLE_LOADER)</string>
				<key>WRAPPER_EXTENSION</key>
				<string>xctest</string>
			</dict>
			<key>isa</key>
			<string>XCBuildConfiguration</string>
			<key>name</key>
			<string>Release</string>
		</dict>
	</dict>
	<key>rootObject</key>
	<string>EAAD05C118B9B39D00D9E4BA</string>
</dict>
</plist>
